
Microsoft Visual Studio Solution File, Format Version 12.00
# Visual Studio 2012
Project("{FAE04EC0-301F-11D3-BF4B-00C04F79EFBC}") = "Knockout.Bootstrap.TemplateStore", "Knockout.Bootstrap.TemplateStore\Knockout.Bootstrap.TemplateStore.csproj", "{067833D8-CBCD-4BF9-9007-473753255319}"
EndProject
Project("{FAE04EC0-301F-11D3-BF4B-00C04F79EFBC}") = "Knockout.Bootstrap.TemplateStore.SystemWeb", "Knockout.Bootstrap.TemplateStore.SystemWeb\Knockout.Bootstrap.TemplateStore.SystemWeb.csproj", "{F251B365-7A7F-4C06-906A-D9165C67BC8A}"
EndProject
Global
	GlobalSection(SolutionConfigurationPlatforms) = preSolution
		Debug|Any CPU = Debug|Any CPU
		Release|Any CPU = Release|Any CPU
	EndGlobalSection
	GlobalSection(ProjectConfigurationPlatforms) = postSolution
		{067833D8-CBCD-4BF9-9007-473753255319}.Debug|Any CPU.ActiveCfg = Debug|Any CPU
		{067833D8-CBCD-4BF9-9007-473753255319}.Debug|Any CPU.Build.0 = Debug|Any CPU
		{067833D8-CBCD-4BF9-9007-473753255319}.Release|Any CPU.ActiveCfg = Release|Any CPU
		{067833D8-CBCD-4BF9-9007-473753255319}.Release|Any CPU.Build.0 = Release|Any CPU
		{F251B365-7A7F-4C06-906A-D9165C67BC8A}.Debug|Any CPU.ActiveCfg = Debug|Any CPU
		{F251B365-7A7F-4C06-906A-D9165C67BC8A}.Debug|Any CPU.Build.0 = Debug|Any CPU
		{F251B365-7A7F-4C06-906A-D9165C67BC8A}.Release|Any CPU.ActiveCfg = Release|Any CPU
		{F251B365-7A7F-4C06-906A-D9165C67BC8A}.Release|Any CPU.Build.0 = Release|Any CPU
	EndGlobalSection
	GlobalSection(SolutionProperties) = preSolution
		HideSolutionNode = FALSE
	EndGlobalSection
EndGlobal
